
Microsoft Visual Studio Solution File, Format Version 12.00
# Visual Studio 2012
Project("{FAE04EC0-301F-11D3-BF4B-00C04F79EFBC}") = "Plugin.CrossGoogleAnalytics.iOS", "Plugin.CrossGoogleAnalytics.iOS\Plugin.CrossGoogleAnalytics.iOS.csproj", "{76059FC9-9619-4ACE-A2FC-0587FFADE050}"
EndProject
Project("{FAE04EC0-301F-11D3-BF4B-00C04F79EFBC}") = "Plugin.CrossGoogleAnalytics.Droid", "Plugin.CrossGoogleAnalytics.Droid\Plugin.CrossGoogleAnalytics.Droid.csproj", "{6E09C1E3-3F84-4804-9667-F952F344975C}"
EndProject
Project("{FAE04EC0-301F-11D3-BF4B-00C04F79EFBC}") = "Plugin.CrossGoogleAnalytics", "Plugin.CrossGoogleAnalytics\Plugin.CrossGoogleAnalytics.csproj", "{445EC248-1498-4BFA-B725-197ABC65896E}"
EndProject
Project("{FAE04EC0-301F-11D3-BF4B-00C04F79EFBC}") = "Plugin.CrossGoogleAnalytics.Abstractions", "Plugin.CrossGoogleAnalytics.Abstractions\Plugin.CrossGoogleAnalytics.Abstractions.csproj", "{C1D3D086-7D27-4F63-9F82-8C33573CEE2D}"
EndProject
Global
	GlobalSection(SolutionConfigurationPlatforms) = preSolution
		Debug|Any CPU = Debug|Any CPU
		Release|Any CPU = Release|Any CPU
		Debug|iPhoneSimulator = Debug|iPhoneSimulator
		Release|iPhone = Release|iPhone
		Release|iPhoneSimulator = Release|iPhoneSimulator
		Debug|iPhone = Debug|iPhone
	EndGlobalSection
	GlobalSection(ProjectConfigurationPlatforms) = postSolution
		{76059FC9-9619-4ACE-A2FC-0587FFADE050}.Debug|Any CPU.ActiveCfg = Debug|Any CPU
		{76059FC9-9619-4ACE-A2FC-0587FFADE050}.Debug|Any CPU.Build.0 = Debug|Any CPU
		{76059FC9-9619-4ACE-A2FC-0587FFADE050}.Release|Any CPU.ActiveCfg = Release|Any CPU
		{76059FC9-9619-4ACE-A2FC-0587FFADE050}.Release|Any CPU.Build.0 = Release|Any CPU
		{76059FC9-9619-4ACE-A2FC-0587FFADE050}.Debug|iPhoneSimulator.ActiveCfg = Debug|Any CPU
		{76059FC9-9619-4ACE-A2FC-0587FFADE050}.Debug|iPhoneSimulator.Build.0 = Debug|Any CPU
		{76059FC9-9619-4ACE-A2FC-0587FFADE050}.Release|iPhone.ActiveCfg = Release|Any CPU
		{76059FC9-9619-4ACE-A2FC-0587FFADE050}.Release|iPhone.Build.0 = Release|Any CPU
		{76059FC9-9619-4ACE-A2FC-0587FFADE050}.Release|iPhoneSimulator.ActiveCfg = Release|Any CPU
		{76059FC9-9619-4ACE-A2FC-0587FFADE050}.Release|iPhoneSimulator.Build.0 = Release|Any CPU
		{76059FC9-9619-4ACE-A2FC-0587FFADE050}.Debug|iPhone.ActiveCfg = Debug|Any CPU
		{76059FC9-9619-4ACE-A2FC-0587FFADE050}.Debug|iPhone.Build.0 = Debug|Any CPU
		{6E09C1E3-3F84-4804-9667-F952F344975C}.Debug|Any CPU.ActiveCfg = Debug|Any CPU
		{6E09C1E3-3F84-4804-9667-F952F344975C}.Debug|Any CPU.Build.0 = Debug|Any CPU
		{6E09C1E3-3F84-4804-9667-F952F344975C}.Release|Any CPU.ActiveCfg = Release|Any CPU
		{6E09C1E3-3F84-4804-9667-F952F344975C}.Release|Any CPU.Build.0 = Release|Any CPU
		{6E09C1E3-3F84-4804-9667-F952F344975C}.Debug|iPhoneSimulator.ActiveCfg = Debug|Any CPU
		{6E09C1E3-3F84-4804-9667-F952F344975C}.Debug|iPhoneSimulator.Build.0 = Debug|Any CPU
		{6E09C1E3-3F84-4804-9667-F952F344975C}.Release|iPhone.ActiveCfg = Release|Any CPU
		{6E09C1E3-3F84-4804-9667-F952F344975C}.Release|iPhone.Build.0 = Release|Any CPU
		{6E09C1E3-3F84-4804-9667-F952F344975C}.Release|iPhoneSimulator.ActiveCfg = Release|Any CPU
		{6E09C1E3-3F84-4804-9667-F952F344975C}.Release|iPhoneSimulator.Build.0 = Release|Any CPU
		{6E09C1E3-3F84-4804-9667-F952F344975C}.Debug|iPhone.ActiveCfg = Debug|Any CPU
		{6E09C1E3-3F84-4804-9667-F952F344975C}.Debug|iPhone.Build.0 = Debug|Any CPU
		{445EC248-1498-4BFA-B725-197ABC65896E}.Debug|Any CPU.ActiveCfg = Debug|Any CPU
		{445EC248-1498-4BFA-B725-197ABC65896E}.Debug|Any CPU.Build.0 = Debug|Any CPU
		{445EC248-1498-4BFA-B725-197ABC65896E}.Release|Any CPU.ActiveCfg = Release|Any CPU
		{445EC248-1498-4BFA-B725-197ABC65896E}.Release|Any CPU.Build.0 = Release|Any CPU
		{445EC248-1498-4BFA-B725-197ABC65896E}.Debug|iPhoneSimulator.ActiveCfg = Debug|Any CPU
		{445EC248-1498-4BFA-B725-197ABC65896E}.Debug|iPhoneSimulator.Build.0 = Debug|Any CPU
		{445EC248-1498-4BFA-B725-197ABC65896E}.Release|iPhone.ActiveCfg = Release|Any CPU
		{445EC248-1498-4BFA-B725-197ABC65896E}.Release|iPhone.Build.0 = Release|Any CPU
		{445EC248-1498-4BFA-B725-197ABC65896E}.Release|iPhoneSimulator.ActiveCfg = Release|Any CPU
		{445EC248-1498-4BFA-B725-197ABC65896E}.Release|iPhoneSimulator.Build.0 = Release|Any CPU
		{445EC248-1498-4BFA-B725-197ABC65896E}.Debug|iPhone.ActiveCfg = Debug|Any CPU
		{445EC248-1498-4BFA-B725-197ABC65896E}.Debug|iPhone.Build.0 = Debug|Any CPU
		{C1D3D086-7D27-4F63-9F82-8C33573CEE2D}.Debug|Any CPU.ActiveCfg = Debug|Any CPU
		{C1D3D086-7D27-4F63-9F82-8C33573CEE2D}.Debug|Any CPU.Build.0 = Debug|Any CPU
		{C1D3D086-7D27-4F63-9F82-8C33573CEE2D}.Release|Any CPU.ActiveCfg = Release|Any CPU
		{C1D3D086-7D27-4F63-9F82-8C33573CEE2D}.Release|Any CPU.Build.0 = Release|Any CPU
		{C1D3D086-7D27-4F63-9F82-8C33573CEE2D}.Debug|iPhoneSimulator.ActiveCfg = Debug|Any CPU
		{C1D3D086-7D27-4F63-9F82-8C33573CEE2D}.Debug|iPhoneSimulator.Build.0 = Debug|Any CPU
		{C1D3D086-7D27-4F63-9F82-8C33573CEE2D}.Release|iPhone.ActiveCfg = Release|Any CPU
		{C1D3D086-7D27-4F63-9F82-8C33573CEE2D}.Release|iPhone.Build.0 = Release|Any CPU
		{C1D3D086-7D27-4F63-9F82-8C33573CEE2D}.Release|iPhoneSimulator.ActiveCfg = Release|Any CPU
		{C1D3D086-7D27-4F63-9F82-8C33573CEE2D}.Release|iPhoneSimulator.Build.0 = Release|Any CPU
		{C1D3D086-7D27-4F63-9F82-8C33573CEE2D}.Debug|iPhone.ActiveCfg = Debug|Any CPU
		{C1D3D086-7D27-4F63-9F82-8C33573CEE2D}.Debug|iPhone.Build.0 = Debug|Any CPU
	EndGlobalSection
	GlobalSection(NestedProjects) = preSolution
	EndGlobalSection
EndGlobal
